
Microsoft Visual Studio Solution File, Format Version 11.00
# Visual Studio 2010
Project("{FAE04EC0-301F-11D3-BF4B-00C04F79EFBC}") = "Assembly-CSharp", "Assembly-CSharp.csproj", "{CBA59D92-1CEA-569D-65C6-29328F2E3354}"
EndProject
Project("{FAE04EC0-301F-11D3-BF4B-00C04F79EFBC}") = "Assembly-CSharp-Editor", "Assembly-CSharp-Editor.csproj", "{9C219113-F0D8-95CA-AB16-62307C21AC25}"
EndProject
Global
	GlobalSection(SolutionConfigurationPlatforms) = preSolution
		Debug|Any CPU = Debug|Any CPU
		Release|Any CPU = Release|Any CPU
	EndGlobalSection
	GlobalSection(ProjectConfigurationPlatforms) = postSolution
		{CBA59D92-1CEA-569D-65C6-29328F2E3354}.Debug|Any CPU.ActiveCfg = Debug|Any CPU
		{CBA59D92-1CEA-569D-65C6-29328F2E3354}.Debug|Any CPU.Build.0 = Debug|Any CPU
		{CBA59D92-1CEA-569D-65C6-29328F2E3354}.Release|Any CPU.ActiveCfg = Release|Any CPU
		{CBA59D92-1CEA-569D-65C6-29328F2E3354}.Release|Any CPU.Build.0 = Release|Any CPU
		{9C219113-F0D8-95CA-AB16-62307C21AC25}.Debug|Any CPU.ActiveCfg = Debug|Any CPU
		{9C219113-F0D8-95CA-AB16-62307C21AC25}.Debug|Any CPU.Build.0 = Debug|Any CPU
		{9C219113-F0D8-95CA-AB16-62307C21AC25}.Release|Any CPU.ActiveCfg = Release|Any CPU
		{9C219113-F0D8-95CA-AB16-62307C21AC25}.Release|Any CPU.Build.0 = Release|Any CPU
	EndGlobalSection
	GlobalSection(SolutionProperties) = preSolution
		HideSolutionNode = FALSE
	EndGlobalSection
EndGlobal
